// !$*UTF8*$!
{
	archiveVersion = 1;
	classes = {
	};
	objectVersion = 50;
	objects = {

/* Begin PBXBuildFile section */
		BB385A2F2494FFB800F22754 /* AppDelegate.m in Sources */ = {isa = PBXBuildFile; fileRef = BB385A2E2494FFB800F22754 /* AppDelegate.m */; };
		BB385A322494FFB800F22754 /* SceneDelegate.m in Sources */ = {isa = PBXBuildFile; fileRef = BB385A312494FFB800F22754 /* SceneDelegate.m */; };
		BB385A3A2494FFB900F22754 /* Assets.xcassets in Resources */ = {isa = PBXBuildFile; fileRef = BB385A392494FFB900F22754 /* Assets.xcassets */; };
		BB385A3D2494FFB900F22754 /* LaunchScreen.storyboard in Resources */ = {isa = PBXBuildFile; fileRef = BB385A3B2494FFB900F22754 /* LaunchScreen.storyboard */; };
		BB385A402494FFB900F22754 /* main.m in Sources */ = {isa = PBXBuildFile; fileRef = BB385A3F2494FFB900F22754 /* main.m */; };
		BB385A4B2495084900F22754 /* Screen1ViewController.m in Sources */ = {isa = PBXBuildFile; fileRef = BB385A492495084900F22754 /* Screen1ViewController.m */; };
		BB385A4C2495084900F22754 /* Screen1ViewController.xib in Resources */ = {isa = PBXBuildFile; fileRef = BB385A4A2495084900F22754 /* Screen1ViewController.xib */; };
		BB6331992495BEB500C84856 /* MainTabbarViewController.m in Sources */ = {isa = PBXBuildFile; fileRef = BB6331972495BEB500C84856 /* MainTabbarViewController.m */; };
		BB63319A2495BEB500C84856 /* MainTabbarViewController.xib in Resources */ = {isa = PBXBuildFile; fileRef = BB6331982495BEB500C84856 /* MainTabbarViewController.xib */; };
		BB63319E2495C1B800C84856 /* CartViewController.m in Sources */ = {isa = PBXBuildFile; fileRef = BB63319C2495C1B800C84856 /* CartViewController.m */; };
		BB63319F2495C1B800C84856 /* CartViewController.xib in Resources */ = {isa = PBXBuildFile; fileRef = BB63319D2495C1B800C84856 /* CartViewController.xib */; };
		BB6331A62495C5CA00C84856 /* TopViewController.m in Sources */ = {isa = PBXBuildFile; fileRef = BB6331A42495C5CA00C84856 /* TopViewController.m */; };
		BB6331A72495C5CA00C84856 /* TopViewController.xib in Resources */ = {isa = PBXBuildFile; fileRef = BB6331A52495C5CA00C84856 /* TopViewController.xib */; };
		BB647C2C249519B900D31FA6 /* Screen2ViewController.m in Sources */ = {isa = PBXBuildFile; fileRef = BB647C2A249519B900D31FA6 /* Screen2ViewController.m */; };
		BB647C2D249519B900D31FA6 /* Screen2ViewController.xib in Resources */ = {isa = PBXBuildFile; fileRef = BB647C2B249519B900D31FA6 /* Screen2ViewController.xib */; };
/* End PBXBuildFile section */

/* Begin PBXFileReference section */
		BB385A2A2494FFB800F22754 /* Demo1.app */ = {isa = PBXFileReference; explicitFileType = wrapper.application; includeInIndex = 0; path = Demo1.app; sourceTree = BUILT_PRODUCTS_DIR; };
		BB385A2D2494FFB800F22754 /* AppDelegate.h */ = {isa = PBXFileReference; lastKnownFileType = sourcecode.c.h; path = AppDelegate.h; sourceTree = "<group>"; };
		BB385A2E2494FFB800F22754 /* AppDelegate.m */ = {isa = PBXFileReference; lastKnownFileType = sourcecode.c.objc; path = AppDelegate.m; sourceTree = "<group>"; };
		BB385A302494FFB800F22754 /* SceneDelegate.h */ = {isa = PBXFileReference; lastKnownFileType = sourcecode.c.h; path = SceneDelegate.h; sourceTree = "<group>"; };
		BB385A312494FFB800F22754 /* SceneDelegate.m */ = {isa = PBXFileReference; lastKnownFileType = sourcecode.c.objc; path = SceneDelegate.m; sourceTree = "<group>"; };
		BB385A392494FFB900F22754 /* Assets.xcassets */ = {isa = PBXFileReference; lastKnownFileType = folder.assetcatalog; path = Assets.xcassets; sourceTree = "<group>"; };
		BB385A3C2494FFB900F22754 /* Base */ = {isa = PBXFileReference; lastKnownFileType = file.storyboard; name = Base; path = Base.lproj/LaunchScreen.storyboard; sourceTree = "<group>"; };
		BB385A3E2494FFB900F22754 /* Info.plist */ = {isa = PBXFileReference; lastKnownFileType = text.plist.xml; path = Info.plist; sourceTree = "<group>"; };
		BB385A3F2494FFB900F22754 /* main.m */ = {isa = PBXFileReference; lastKnownFileType = sourcecode.c.objc; path = main.m; sourceTree = "<group>"; };
		BB385A482495084900F22754 /* Screen1ViewController.h */ = {isa = PBXFileReference; lastKnownFileType = sourcecode.c.h; path = Screen1ViewController.h; sourceTree = "<group>"; };
		BB385A492495084900F22754 /* Screen1ViewController.m */ = {isa = PBXFileReference; lastKnownFileType = sourcecode.c.objc; path = Screen1ViewController.m; sourceTree = "<group>"; };
		BB385A4A2495084900F22754 /* Screen1ViewController.xib */ = {isa = PBXFileReference; lastKnownFileType = file.xib; path = Screen1ViewController.xib; sourceTree = "<group>"; };
		BB6331962495BEB500C84856 /* MainTabbarViewController.h */ = {isa = PBXFileReference; lastKnownFileType = sourcecode.c.h; path = MainTabbarViewController.h; sourceTree = "<group>"; };
		BB6331972495BEB500C84856 /* MainTabbarViewController.m */ = {isa = PBXFileReference; lastKnownFileType = sourcecode.c.objc; path = MainTabbarViewController.m; sourceTree = "<group>"; };
		BB6331982495BEB500C84856 /* MainTabbarViewController.xib */ = {isa = PBXFileReference; lastKnownFileType = file.xib; path = MainTabbarViewController.xib; sourceTree = "<group>"; };
		BB63319B2495C1B800C84856 /* CartViewController.h */ = {isa = PBXFileReference; lastKnownFileType = sourcecode.c.h; path = CartViewController.h; sourceTree = "<group>"; };
		BB63319C2495C1B800C84856 /* CartViewController.m */ = {isa = PBXFileReference; lastKnownFileType = sourcecode.c.objc; path = CartViewController.m; sourceTree = "<group>"; };
		BB63319D2495C1B800C84856 /* CartViewController.xib */ = {isa = PBXFileReference; lastKnownFileType = file.xib; path = CartViewController.xib; sourceTree = "<group>"; };
		BB6331A32495C5CA00C84856 /* TopViewController.h */ = {isa = PBXFileReference; lastKnownFileType = sourcecode.c.h; path = TopViewController.h; sourceTree = "<group>"; };
		BB6331A42495C5CA00C84856 /* TopViewController.m */ = {isa = PBXFileReference; lastKnownFileType = sourcecode.c.objc; path = TopViewController.m; sourceTree = "<group>"; };
		BB6331A52495C5CA00C84856 /* TopViewController.xib */ = {isa = PBXFileReference; lastKnownFileType = file.xib; path = TopViewController.xib; sourceTree = "<group>"; };
		BB647C29249519B900D31FA6 /* Screen2ViewController.h */ = {isa = PBXFileReference; lastKnownFileType = sourcecode.c.h; path = Screen2ViewController.h; sourceTree = "<group>"; };
		BB647C2A249519B900D31FA6 /* Screen2ViewController.m */ = {isa = PBXFileReference; lastKnownFileType = sourcecode.c.objc; path = Screen2ViewController.m; sourceTree = "<group>"; };
		BB647C2B249519B900D31FA6 /* Screen2ViewController.xib */ = {isa = PBXFileReference; lastKnownFileType = file.xib; path = Screen2ViewController.xib; sourceTree = "<group>"; };
/* End PBXFileReference section */

/* Begin PBXFrameworksBuildPhase section */
		BB385A272494FFB800F22754 /* Frameworks */ = {
			isa = PBXFrameworksBuildPhase;
			buildActionMask = 2147483647;
			files = (
			);
			runOnlyForDeploymentPostprocessing = 0;
		};
/* End PBXFrameworksBuildPhase section */

/* Begin PBXGroup section */
		BB385A212494FFB800F22754 = {
			isa = PBXGroup;
			children = (
				BB385A2C2494FFB800F22754 /* Demo1 */,
				BB385A2B2494FFB800F22754 /* Products */,
			);
			sourceTree = "<group>";
		};
		BB385A2B2494FFB800F22754 /* Products */ = {
			isa = PBXGroup;
			children = (
				BB385A2A2494FFB800F22754 /* Demo1.app */,
			);
			name = Products;
			sourceTree = "<group>";
		};
		BB385A2C2494FFB800F22754 /* Demo1 */ = {
			isa = PBXGroup;
			children = (
				BB385A462495080500F22754 /* Application */,
				BB385A472495081A00F22754 /* Scenes */,
				BB385A4D24950A1500F22754 /* Resources */,
			);
			path = Demo1;
			sourceTree = "<group>";
		};
		BB385A462495080500F22754 /* Application */ = {
			isa = PBXGroup;
			children = (
				BB385A3F2494FFB900F22754 /* main.m */,
				BB385A2D2494FFB800F22754 /* AppDelegate.h */,
				BB385A2E2494FFB800F22754 /* AppDelegate.m */,
				BB385A302494FFB800F22754 /* SceneDelegate.h */,
				BB385A312494FFB800F22754 /* SceneDelegate.m */,
			);
			path = Application;
			sourceTree = "<group>";
		};
		BB385A472495081A00F22754 /* Scenes */ = {
			isa = PBXGroup;
			children = (
				BB6331A02495C49200C84856 /* Home */,
				BB6331A12495C4A200C84856 /* Cart */,
				BB6331962495BEB500C84856 /* MainTabbarViewController.h */,
				BB6331972495BEB500C84856 /* MainTabbarViewController.m */,
				BB6331982495BEB500C84856 /* MainTabbarViewController.xib */,
			);
			path = Scenes;
			sourceTree = "<group>";
		};
		BB385A4D24950A1500F22754 /* Resources */ = {
			isa = PBXGroup;
			children = (
				BB385A392494FFB900F22754 /* Assets.xcassets */,
				BB385A3B2494FFB900F22754 /* LaunchScreen.storyboard */,
				BB385A3E2494FFB900F22754 /* Info.plist */,
			);
			path = Resources;
			sourceTree = "<group>";
		};
		BB6331A02495C49200C84856 /* Home */ = {
			isa = PBXGroup;
			children = (
				BB6331A22495C5B500C84856 /* PassData */,
				BB6331A32495C5CA00C84856 /* TopViewController.h */,
				BB6331A42495C5CA00C84856 /* TopViewController.m */,
				BB6331A52495C5CA00C84856 /* TopViewController.xib */,
			);
			path = Home;
			sourceTree = "<group>";
		};
		BB6331A12495C4A200C84856 /* Cart */ = {
			isa = PBXGroup;
			children = (
				BB63319B2495C1B800C84856 /* CartViewController.h */,
				BB63319C2495C1B800C84856 /* CartViewController.m */,
				BB63319D2495C1B800C84856 /* CartViewController.xib */,
			);
			path = Cart;
			sourceTree = "<group>";
		};
		BB6331A22495C5B500C84856 /* PassData */ = {
			isa = PBXGroup;
			children = (
				BB385A482495084900F22754 /* Screen1ViewController.h */,
				BB385A492495084900F22754 /* Screen1ViewController.m */,
				BB385A4A2495084900F22754 /* Screen1ViewController.xib */,
				BB647C29249519B900D31FA6 /* Screen2ViewController.h */,
				BB647C2A249519B900D31FA6 /* Screen2ViewController.m */,
				BB647C2B249519B900D31FA6 /* Screen2ViewController.xib */,
			);
			path = PassData;
			sourceTree = "<group>";
		};
/* End PBXGroup section */

/* Begin PBXNativeTarget section */
		BB385A292494FFB800F22754 /* Demo1 */ = {
			isa = PBXNativeTarget;
			buildConfigurationList = BB385A432494FFB900F22754 /* Build configuration list for PBXNativeTarget "Demo1" */;
			buildPhases = (
				BB385A262494FFB800F22754 /* Sources */,
				BB385A272494FFB800F22754 /* Frameworks */,
				BB385A282494FFB800F22754 /* Resources */,
			);
			buildRules = (
			);
			dependencies = (
			);
			name = Demo1;
			productName = Demo1;
			productReference = BB385A2A2494FFB800F22754 /* Demo1.app */;
			productType = "com.apple.product-type.application";
		};
/* End PBXNativeTarget section */

/* Begin PBXProject section */
		BB385A222494FFB800F22754 /* Project object */ = {
			isa = PBXProject;
			attributes = {
				LastUpgradeCheck = 1150;
				ORGANIZATIONNAME = "Manh Pham";
				TargetAttributes = {
					BB385A292494FFB800F22754 = {
						CreatedOnToolsVersion = 11.5;
					};
				};
			};
			buildConfigurationList = BB385A252494FFB800F22754 /* Build configuration list for PBXProject "Demo1" */;
			compatibilityVersion = "Xcode 9.3";
			developmentRegion = en;
			hasScannedForEncodings = 0;
			knownRegions = (
				en,
				Base,
			);
			mainGroup = BB385A212494FFB800F22754;
			productRefGroup = BB385A2B2494FFB800F22754 /* Products */;
			projectDirPath = "";
			projectRoot = "";
			targets = (
				BB385A292494FFB800F22754 /* Demo1 */,
			);
		};
/* End PBXProject section */

/* Begin PBXResourcesBuildPhase section */
		BB385A282494FFB800F22754 /* Resources */ = {
			isa = PBXResourcesBuildPhase;
			buildActionMask = 2147483647;
			files = (
				BB385A3D2494FFB900F22754 /* LaunchScreen.storyboard in Resources */,
				BB63319A2495BEB500C84856 /* MainTabbarViewController.xib in Resources */,
				BB6331A72495C5CA00C84856 /* TopViewController.xib in Resources */,
				BB385A3A2494FFB900F22754 /* Assets.xcassets in Resources */,
				BB385A4C2495084900F22754 /* Screen1ViewController.xib in Resources */,
				BB63319F2495C1B800C84856 /* CartViewController.xib in Resources */,
				BB647C2D249519B900D31FA6 /* Screen2ViewController.xib in Resources */,
			);
			runOnlyForDeploymentPostprocessing = 0;
		};
/* End PBXResourcesBuildPhase section */

/* Begin PBXSourcesBuildPhase section */
		BB385A262494FFB800F22754 /* Sources */ = {
			isa = PBXSourcesBuildPhase;
			buildActionMask = 2147483647;
			files = (
				BB6331A62495C5CA00C84856 /* TopViewController.m in Sources */,
				BB647C2C249519B900D31FA6 /* Screen2ViewController.m in Sources */,
				BB385A2F2494FFB800F22754 /* AppDelegate.m in Sources */,
				BB385A402494FFB900F22754 /* main.m in Sources */,
				BB6331992495BEB500C84856 /* MainTabbarViewController.m in Sources */,
				BB385A322494FFB800F22754 /* SceneDelegate.m in Sources */,
				BB63319E2495C1B800C84856 /* CartViewController.m in Sources */,
				BB385A4B2495084900F22754 /* Screen1ViewController.m in Sources */,
			);
			runOnlyForDeploymentPostprocessing = 0;
		};
/* End PBXSourcesBuildPhase section */

/* Begin PBXVariantGroup section */
		BB385A3B2494FFB900F22754 /* LaunchScreen.storyboard */ = {
			isa = PBXVariantGroup;
			children = (
				BB385A3C2494FFB900F22754 /* Base */,
			);
			name = LaunchScreen.storyboard;
			sourceTree = "<group>";
		};
/* End PBXVariantGroup section */

/* Begin XCBuildConfiguration section */
		BB385A412494FFB900F22754 /* Debug */ = {
			isa = XCBuildConfiguration;
			buildSettings = {
				ALWAYS_SEARCH_USER_PATHS = NO;
				CLANG_ANALYZER_NONNULL = YES;
				CLANG_ANALYZER_NUMBER_OBJECT_CONVERSION = YES_AGGRESSIVE;
				CLANG_CXX_LANGUAGE_STANDARD = "gnu++14";
				CLANG_CXX_LIBRARY = "libc++";
				CLANG_ENABLE_MODULES = YES;
				CLANG_ENABLE_OBJC_ARC = YES;
				CLANG_ENABLE_OBJC_WEAK = YES;
				CLANG_WARN_BLOCK_CAPTURE_AUTORELEASING = YES;
				CLANG_WARN_BOOL_CONVERSION = YES;
				CLANG_WARN_COMMA = YES;
				CLANG_WARN_CONSTANT_CONVERSION = YES;
				CLANG_WARN_DEPRECATED_OBJC_IMPLEMENTATIONS = YES;
				CLANG_WARN_DIRECT_OBJC_ISA_USAGE = YES_ERROR;
				CLANG_WARN_DOCUMENTATION_COMMENTS = YES;
				CLANG_WARN_EMPTY_BODY = YES;
				CLANG_WARN_ENUM_CONVERSION = YES;
				CLANG_WARN_INFINITE_RECURSION = YES;
				CLANG_WARN_INT_CONVERSION = YES;
				CLANG_WARN_NON_LITERAL_NULL_CONVERSION = YES;
				CLANG_WARN_OBJC_IMPLICIT_RETAIN_SELF = YES;
				CLANG_WARN_OBJC_LITERAL_CONVERSION = YES;
				CLANG_WARN_OBJC_ROOT_CLASS = YES_ERROR;
				CLANG_WARN_RANGE_LOOP_ANALYSIS = YES;
				CLANG_WARN_STRICT_PROTOTYPES = YES;
				CLANG_WARN_SUSPICIOUS_MOVE = YES;
				CLANG_WARN_UNGUARDED_AVAILABILITY = YES_AGGRESSIVE;
				CLANG_WARN_UNREACHABLE_CODE = YES;
				CLANG_WARN__DUPLICATE_METHOD_MATCH = YES;
				COPY_PHASE_STRIP = NO;
				DEBUG_INFORMATION_FORMAT = dwarf;
				ENABLE_STRICT_OBJC_MSGSEND = YES;
				ENABLE_TESTABILITY = YES;
				GCC_C_LANGUAGE_STANDARD = gnu11;
				GCC_DYNAMIC_NO_PIC = NO;
				GCC_NO_COMMON_BLOCKS = YES;
				GCC_OPTIMIZATION_LEVEL = 0;
				GCC_PREPROCESSOR_DEFINITIONS = (
					"DEBUG=1",
					"$(inherited)",
				);
				GCC_WARN_64_TO_32_BIT_CONVERSION = YES;
				GCC_WARN_ABOUT_RETURN_TYPE = YES_ERROR;
				GCC_WARN_UNDECLARED_SELECTOR = YES;
				GCC_WARN_UNINITIALIZED_AUTOS = YES_AGGRESSIVE;
				GCC_WARN_UNUSED_FUNCTION = YES;
				GCC_WARN_UNUSED_VARIABLE = YES;
				IPHONEOS_DEPLOYMENT_TARGET = 13.5;
				MTL_ENABLE_DEBUG_INFO = INCLUDE_SOURCE;
				MTL_FAST_MATH = YES;
				ONLY_ACTIVE_ARCH = YES;
				SDKROOT = iphoneos;
			};
			name = Debug;
		};
		BB385A422494FFB900F22754 /* Release */ = {
			isa = XCBuildConfiguration;
			buildSettings = {
				ALWAYS_SEARCH_USER_PATHS = NO;
				CLANG_ANALYZER_NONNULL = YES;
				CLANG_ANALYZER_NUMBER_OBJECT_CONVERSION = YES_AGGRESSIVE;
				CLANG_CXX_LANGUAGE_STANDARD = "gnu++14";
				CLANG_CXX_LIBRARY = "libc++";
				CLANG_ENABLE_MODULES = YES;
				CLANG_ENABLE_OBJC_ARC = YES;
				CLANG_ENABLE_OBJC_WEAK = YES;
				CLANG_WARN_BLOCK_CAPTURE_AUTORELEASING = YES;
				CLANG_WARN_BOOL_CONVERSION = YES;
				CLANG_WARN_COMMA = YES;
				CLANG_WARN_CONSTANT_CONVERSION = YES;
				CLANG_WARN_DEPRECATED_OBJC_IMPLEMENTATIONS = YES;
				CLANG_WARN_DIRECT_OBJC_ISA_USAGE = YES_ERROR;
				CLANG_WARN_DOCUMENTATION_COMMENTS = YES;
				CLANG_WARN_EMPTY_BODY = YES;
				CLANG_WARN_ENUM_CONVERSION = YES;
				CLANG_WARN_INFINITE_RECURSION = YES;
				CLANG_WARN_INT_CONVERSION = YES;
				CLANG_WARN_NON_LITERAL_NULL_CONVERSION = YES;
				CLANG_WARN_OBJC_IMPLICIT_RETAIN_SELF = YES;
				CLANG_WARN_OBJC_LITERAL_CONVERSION = YES;
				CLANG_WARN_OBJC_ROOT_CLASS = YES_ERROR;
				CLANG_WARN_RANGE_LOOP_ANALYSIS = YES;
				CLANG_WARN_STRICT_PROTOTYPES = YES;
				CLANG_WARN_SUSPICIOUS_MOVE = YES;
				CLANG_WARN_UNGUARDED_AVAILABILITY = YES_AGGRESSIVE;
				CLANG_WARN_UNREACHABLE_CODE = YES;
				CLANG_WARN__DUPLICATE_METHOD_MATCH = YES;
				COPY_PHASE_STRIP = NO;
				DEBUG_INFORMATION_FORMAT = "dwarf-with-dsym";
				ENABLE_NS_ASSERTIONS = NO;
				ENABLE_STRICT_OBJC_MSGSEND = YES;
				GCC_C_LANGUAGE_STANDARD = gnu11;
				GCC_NO_COMMON_BLOCKS = YES;
				GCC_WARN_64_TO_32_BIT_CONVERSION = YES;
				GCC_WARN_ABOUT_RETURN_TYPE = YES_ERROR;
				GCC_WARN_UNDECLARED_SELECTOR = YES;
				GCC_WARN_UNINITIALIZED_AUTOS = YES_AGGRESSIVE;
				GCC_WARN_UNUSED_FUNCTION = YES;
				GCC_WARN_UNUSED_VARIABLE = YES;
				IPHONEOS_DEPLOYMENT_TARGET = 13.5;
				MTL_ENABLE_DEBUG_INFO = NO;
				MTL_FAST_MATH = YES;
				SDKROOT = iphoneos;
				VALIDATE_PRODUCT = YES;
			};
			name = Release;
		};
		BB385A442494FFB900F22754 /* Debug */ = {
			isa = XCBuildConfiguration;
			buildSettings = {
				ASSETCATALOG_COMPILER_APPICON_NAME = AppIcon;
				CODE_SIGN_STYLE = Automatic;
				INFOPLIST_FILE = "$(SRCROOT)/Demo1/Resources/Info.plist";
				IPHONEOS_DEPLOYMENT_TARGET = 11.0;
				LD_RUNPATH_SEARCH_PATHS = (
					"$(inherited)",
					"@executable_path/Frameworks",
				);
				PRODUCT_BUNDLE_IDENTIFIER = com.manhpham.Demo1;
				PRODUCT_NAME = "$(TARGET_NAME)";
				TARGETED_DEVICE_FAMILY = 1;
			};
			name = Debug;
		};
		BB385A452494FFB900F22754 /* Release */ = {
			isa = XCBuildConfiguration;
			buildSettings = {
				ASSETCATALOG_COMPILER_APPICON_NAME = AppIcon;
				CODE_SIGN_STYLE = Automatic;
				INFOPLIST_FILE = "$(SRCROOT)/Demo1/Resources/Info.plist";
				IPHONEOS_DEPLOYMENT_TARGET = 11.0;
				LD_RUNPATH_SEARCH_PATHS = (
					"$(inherited)",
					"@executable_path/Frameworks",
				);
				PRODUCT_BUNDLE_IDENTIFIER = com.manhpham.Demo1;
				PRODUCT_NAME = "$(TARGET_NAME)";
				TARGETED_DEVICE_FAMILY = 1;
			};
			name = Release;
		};
/* End XCBuildConfiguration section */

/* Begin XCConfigurationList section */
		BB385A252494FFB800F22754 /* Build configuration list for PBXProject "Demo1" */ = {
			isa = XCConfigurationList;
			buildConfigurations = (
				BB385A412494FFB900F22754 /* Debug */,
				BB385A422494FFB900F22754 /* Release */,
			);
			defaultConfigurationIsVisible = 0;
			defaultConfigurationName = Release;
		};
		BB385A432494FFB900F22754 /* Build configuration list for PBXNativeTarget "Demo1" */ = {
			isa = XCConfigurationList;
			buildConfigurations = (
				BB385A442494FFB900F22754 /* Debug */,
				BB385A452494FFB900F22754 /* Release */,
			);
			defaultConfigurationIsVisible = 0;
			defaultConfigurationName = Release;
		};
/* End XCConfigurationList section */
	};
	rootObject = BB385A222494FFB800F22754 /* Project object */;
}
